
Microsoft Visual Studio Solution File, Format Version 12.00
# Visual Studio 15
VisualStudioVersion = 15.0.28307.572
MinimumVisualStudioVersion = 10.0.40219.1
Project("{FAE04EC0-301F-11D3-BF4B-00C04F79EFBC}") = "ACM.BL", "ACM.BL\ACM.BL.csproj", "{2F76DC00-BEA9-45DC-AA49-08D3B25C1E7F}"
EndProject
Project("{2150E333-8FDC-42A3-9474-1A3956D46DE8}") = "Tests", "Tests", "{97CB38F8-4951-4666-84AA-F55B5FD818D2}"
EndProject
Project("{FAE04EC0-301F-11D3-BF4B-00C04F79EFBC}") = "ACM.BLTest", "ACM.BLTest\ACM.BLTest.csproj", "{B2A3BDCE-D4BF-4134-9D84-110978EC0571}"
EndProject
Project("{FAE04EC0-301F-11D3-BF4B-00C04F79EFBC}") = "Acme.Common", "Acme.Common\Acme.Common.csproj", "{131BF299-7774-4082-85CA-C1C3AFCD4733}"
EndProject
Project("{FAE04EC0-301F-11D3-BF4B-00C04F79EFBC}") = "Acme.CommonTest", "Acme.CommonTest\Acme.CommonTest.csproj", "{B2DA31F8-B904-4294-87DA-6E3E6071BE98}"
EndProject
Global
	GlobalSection(SolutionConfigurationPlatforms) = preSolution
		Debug|Any CPU = Debug|Any CPU
		Release|Any CPU = Release|Any CPU
	EndGlobalSection
	GlobalSection(ProjectConfigurationPlatforms) = postSolution
		{2F76DC00-BEA9-45DC-AA49-08D3B25C1E7F}.Debug|Any CPU.ActiveCfg = Debug|Any CPU
		{2F76DC00-BEA9-45DC-AA49-08D3B25C1E7F}.Debug|Any CPU.Build.0 = Debug|Any CPU
		{2F76DC00-BEA9-45DC-AA49-08D3B25C1E7F}.Release|Any CPU.ActiveCfg = Release|Any CPU
		{2F76DC00-BEA9-45DC-AA49-08D3B25C1E7F}.Release|Any CPU.Build.0 = Release|Any CPU
		{B2A3BDCE-D4BF-4134-9D84-110978EC0571}.Debug|Any CPU.ActiveCfg = Debug|Any CPU
		{B2A3BDCE-D4BF-4134-9D84-110978EC0571}.Debug|Any CPU.Build.0 = Debug|Any CPU
		{B2A3BDCE-D4BF-4134-9D84-110978EC0571}.Release|Any CPU.ActiveCfg = Release|Any CPU
		{B2A3BDCE-D4BF-4134-9D84-110978EC0571}.Release|Any CPU.Build.0 = Release|Any CPU
		{131BF299-7774-4082-85CA-C1C3AFCD4733}.Debug|Any CPU.ActiveCfg = Debug|Any CPU
		{131BF299-7774-4082-85CA-C1C3AFCD4733}.Debug|Any CPU.Build.0 = Debug|Any CPU
		{131BF299-7774-4082-85CA-C1C3AFCD4733}.Release|Any CPU.ActiveCfg = Release|Any CPU
		{131BF299-7774-4082-85CA-C1C3AFCD4733}.Release|Any CPU.Build.0 = Release|Any CPU
		{B2DA31F8-B904-4294-87DA-6E3E6071BE98}.Debug|Any CPU.ActiveCfg = Debug|Any CPU
		{B2DA31F8-B904-4294-87DA-6E3E6071BE98}.Debug|Any CPU.Build.0 = Debug|Any CPU
		{B2DA31F8-B904-4294-87DA-6E3E6071BE98}.Release|Any CPU.ActiveCfg = Release|Any CPU
		{B2DA31F8-B904-4294-87DA-6E3E6071BE98}.Release|Any CPU.Build.0 = Release|Any CPU
	EndGlobalSection
	GlobalSection(SolutionProperties) = preSolution
		HideSolutionNode = FALSE
	EndGlobalSection
	GlobalSection(NestedProjects) = preSolution
		{B2A3BDCE-D4BF-4134-9D84-110978EC0571} = {97CB38F8-4951-4666-84AA-F55B5FD818D2}
		{B2DA31F8-B904-4294-87DA-6E3E6071BE98} = {97CB38F8-4951-4666-84AA-F55B5FD818D2}
	EndGlobalSection
	GlobalSection(ExtensibilityGlobals) = postSolution
		SolutionGuid = {C11560A3-40CB-4D56-B261-99A2343305D6}
	EndGlobalSection
EndGlobal
